// !$*UTF8*$!
{
	archiveVersion = 1;
	classes = {
	};
	objectVersion = 56;
	objects = {

/* Begin PBXBuildFile section */
		043A18F22CAED34C0079560B /* AppDelegate.swift in Sources */ = {isa = PBXBuildFile; fileRef = 043A18F12CAED34C0079560B /* AppDelegate.swift */; };
		043A18F42CAED34C0079560B /* SceneDelegate.swift in Sources */ = {isa = PBXBuildFile; fileRef = 043A18F32CAED34C0079560B /* SceneDelegate.swift */; };
		043A18F62CAED34C0079560B /* ViewController.swift in Sources */ = {isa = PBXBuildFile; fileRef = 043A18F52CAED34C0079560B /* ViewController.swift */; };
		043A18FB2CAED34E0079560B /* Assets.xcassets in Resources */ = {isa = PBXBuildFile; fileRef = 043A18FA2CAED34E0079560B /* Assets.xcassets */; };
		043A18FE2CAED34E0079560B /* LaunchScreen.storyboard in Resources */ = {isa = PBXBuildFile; fileRef = 043A18FC2CAED34E0079560B /* LaunchScreen.storyboard */; };
		0470CBDF2CD2685500BD7971 /* LicenseAgreementViewController.swift in Sources */ = {isa = PBXBuildFile; fileRef = 0470CBDE2CD2685500BD7971 /* LicenseAgreementViewController.swift */; };
		0470CBE12CD26EEA00BD7971 /* TextManager.swift in Sources */ = {isa = PBXBuildFile; fileRef = 0470CBE02CD26EEA00BD7971 /* TextManager.swift */; };
		04A58A032CC92C9D00D091F8 /* FindImageViewController.swift in Sources */ = {isa = PBXBuildFile; fileRef = 04A58A022CC92C9D00D091F8 /* FindImageViewController.swift */; };
		04A58A052CC9307B00D091F8 /* CastomTextField.swift in Sources */ = {isa = PBXBuildFile; fileRef = 04A58A042CC9307B00D091F8 /* CastomTextField.swift */; };
		04A58A072CCDDB1800D091F8 /* PanImageViewController.swift in Sources */ = {isa = PBXBuildFile; fileRef = 04A58A062CCDDB1800D091F8 /* PanImageViewController.swift */; };
		04A6D5A52CAEE0FD005C1F3E /* CharactersModel.swift in Sources */ = {isa = PBXBuildFile; fileRef = 04A6D5A42CAEE0FD005C1F3E /* CharactersModel.swift */; };
		04A6D5A72CAEE523005C1F3E /* CharactersManager.swift in Sources */ = {isa = PBXBuildFile; fileRef = 04A6D5A62CAEE523005C1F3E /* CharactersManager.swift */; };
		04A6D5A92CAEE6B1005C1F3E /* CharactersDataManager.swift in Sources */ = {isa = PBXBuildFile; fileRef = 04A6D5A82CAEE6B1005C1F3E /* CharactersDataManager.swift */; };
		04A6D5AB2CAF65ED005C1F3E /* ShadowBottun.swift in Sources */ = {isa = PBXBuildFile; fileRef = 04A6D5AA2CAF65ED005C1F3E /* ShadowBottun.swift */; };
		04A6D5AD2CB10D0B005C1F3E /* ShadowView.swift in Sources */ = {isa = PBXBuildFile; fileRef = 04A6D5AC2CB10D0B005C1F3E /* ShadowView.swift */; };
		04A6D5AF2CB12516005C1F3E /* CastomLable.swift in Sources */ = {isa = PBXBuildFile; fileRef = 04A6D5AE2CB12516005C1F3E /* CastomLable.swift */; };
		04A6D5B12CB12ACD005C1F3E /* CastomImageView.swift in Sources */ = {isa = PBXBuildFile; fileRef = 04A6D5B02CB12ACD005C1F3E /* CastomImageView.swift */; };
		04A6D5B82CB56E60005C1F3E /* CastonStackView.swift in Sources */ = {isa = PBXBuildFile; fileRef = 04A6D5B72CB56E5F005C1F3E /* CastonStackView.swift */; };
		04A6D5BA2CB57353005C1F3E /* View+Extension.swift in Sources */ = {isa = PBXBuildFile; fileRef = 04A6D5B92CB57353005C1F3E /* View+Extension.swift */; };
		04A6D5BC2CB57479005C1F3E /* StackView+Extension.swift in Sources */ = {isa = PBXBuildFile; fileRef = 04A6D5BB2CB57479005C1F3E /* StackView+Extension.swift */; };
/* End PBXBuildFile section */

/* Begin PBXFileReference section */
		043A18EE2CAED34C0079560B /* ExaminationApp.app */ = {isa = PBXFileReference; explicitFileType = wrapper.application; includeInIndex = 0; path = ExaminationApp.app; sourceTree = BUILT_PRODUCTS_DIR; };
		043A18F12CAED34C0079560B /* AppDelegate.swift */ = {isa = PBXFileReference; lastKnownFileType = sourcecode.swift; path = AppDelegate.swift; sourceTree = "<group>"; };
		043A18F32CAED34C0079560B /* SceneDelegate.swift */ = {isa = PBXFileReference; lastKnownFileType = sourcecode.swift; path = SceneDelegate.swift; sourceTree = "<group>"; };
		043A18F52CAED34C0079560B /* ViewController.swift */ = {isa = PBXFileReference; lastKnownFileType = sourcecode.swift; path = ViewController.swift; sourceTree = "<group>"; };
		043A18FA2CAED34E0079560B /* Assets.xcassets */ = {isa = PBXFileReference; lastKnownFileType = folder.assetcatalog; path = Assets.xcassets; sourceTree = "<group>"; };
		043A18FD2CAED34E0079560B /* Base */ = {isa = PBXFileReference; lastKnownFileType = file.storyboard; name = Base; path = Base.lproj/LaunchScreen.storyboard; sourceTree = "<group>"; };
		043A18FF2CAED34E0079560B /* Info.plist */ = {isa = PBXFileReference; lastKnownFileType = text.plist.xml; path = Info.plist; sourceTree = "<group>"; };
		0470CBDE2CD2685500BD7971 /* LicenseAgreementViewController.swift */ = {isa = PBXFileReference; lastKnownFileType = sourcecode.swift; path = LicenseAgreementViewController.swift; sourceTree = "<group>"; };
		0470CBE02CD26EEA00BD7971 /* TextManager.swift */ = {isa = PBXFileReference; lastKnownFileType = sourcecode.swift; path = TextManager.swift; sourceTree = "<group>"; };
		04A58A022CC92C9D00D091F8 /* FindImageViewController.swift */ = {isa = PBXFileReference; lastKnownFileType = sourcecode.swift; path = FindImageViewController.swift; sourceTree = "<group>"; };
		04A58A042CC9307B00D091F8 /* CastomTextField.swift */ = {isa = PBXFileReference; lastKnownFileType = sourcecode.swift; path = CastomTextField.swift; sourceTree = "<group>"; };
		04A58A062CCDDB1800D091F8 /* PanImageViewController.swift */ = {isa = PBXFileReference; lastKnownFileType = sourcecode.swift; path = PanImageViewController.swift; sourceTree = "<group>"; };
		04A6D5A42CAEE0FD005C1F3E /* CharactersModel.swift */ = {isa = PBXFileReference; lastKnownFileType = sourcecode.swift; path = CharactersModel.swift; sourceTree = "<group>"; };
		04A6D5A62CAEE523005C1F3E /* CharactersManager.swift */ = {isa = PBXFileReference; lastKnownFileType = sourcecode.swift; path = CharactersManager.swift; sourceTree = "<group>"; };
		04A6D5A82CAEE6B1005C1F3E /* CharactersDataManager.swift */ = {isa = PBXFileReference; lastKnownFileType = sourcecode.swift; path = CharactersDataManager.swift; sourceTree = "<group>"; };
		04A6D5AA2CAF65ED005C1F3E /* ShadowBottun.swift */ = {isa = PBXFileReference; lastKnownFileType = sourcecode.swift; path = ShadowBottun.swift; sourceTree = "<group>"; };
		04A6D5AC2CB10D0B005C1F3E /* ShadowView.swift */ = {isa = PBXFileReference; lastKnownFileType = sourcecode.swift; path = ShadowView.swift; sourceTree = "<group>"; };
		04A6D5AE2CB12516005C1F3E /* CastomLable.swift */ = {isa = PBXFileReference; lastKnownFileType = sourcecode.swift; path = CastomLable.swift; sourceTree = "<group>"; };
		04A6D5B02CB12ACD005C1F3E /* CastomImageView.swift */ = {isa = PBXFileReference; lastKnownFileType = sourcecode.swift; path = CastomImageView.swift; sourceTree = "<group>"; };
		04A6D5B72CB56E5F005C1F3E /* CastonStackView.swift */ = {isa = PBXFileReference; lastKnownFileType = sourcecode.swift; path = CastonStackView.swift; sourceTree = "<group>"; };
		04A6D5B92CB57353005C1F3E /* View+Extension.swift */ = {isa = PBXFileReference; lastKnownFileType = sourcecode.swift; path = "View+Extension.swift"; sourceTree = "<group>"; };
		04A6D5BB2CB57479005C1F3E /* StackView+Extension.swift */ = {isa = PBXFileReference; lastKnownFileType = sourcecode.swift; path = "StackView+Extension.swift"; sourceTree = "<group>"; };
/* End PBXFileReference section */

/* Begin PBXFrameworksBuildPhase section */
		043A18EB2CAED34C0079560B /* Frameworks */ = {
			isa = PBXFrameworksBuildPhase;
			buildActionMask = 2147483647;
			files = (
			);
			runOnlyForDeploymentPostprocessing = 0;
		};
/* End PBXFrameworksBuildPhase section */

/* Begin PBXGroup section */
		043A18E52CAED34C0079560B = {
			isa = PBXGroup;
			children = (
				043A18F02CAED34C0079560B /* ExaminationApp */,
				043A18EF2CAED34C0079560B /* Products */,
			);
			sourceTree = "<group>";
		};
		043A18EF2CAED34C0079560B /* Products */ = {
			isa = PBXGroup;
			children = (
				043A18EE2CAED34C0079560B /* ExaminationApp.app */,
			);
			name = Products;
			sourceTree = "<group>";
		};
		043A18F02CAED34C0079560B /* ExaminationApp */ = {
			isa = PBXGroup;
			children = (
				043A18F12CAED34C0079560B /* AppDelegate.swift */,
				043A18F32CAED34C0079560B /* SceneDelegate.swift */,
				04A6D5B22CB14521005C1F3E /* ViewControllers */,
				04A6D5B32CB14562005C1F3E /* CastomElements */,
				04A6D5BD2CB574C8005C1F3E /* Extensions */,
				04A6D5B62CB145C4005C1F3E /* Services */,
				04A6D5B42CB14582005C1F3E /* Models */,
				04A6D5B52CB1458A005C1F3E /* Resoursec */,
				043A18FF2CAED34E0079560B /* Info.plist */,
			);
			path = ExaminationApp;
			sourceTree = "<group>";
		};
		04A6D5B22CB14521005C1F3E /* ViewControllers */ = {
			isa = PBXGroup;
			children = (
				043A18F52CAED34C0079560B /* ViewController.swift */,
				04A58A022CC92C9D00D091F8 /* FindImageViewController.swift */,
				04A58A062CCDDB1800D091F8 /* PanImageViewController.swift */,
				0470CBDE2CD2685500BD7971 /* LicenseAgreementViewController.swift */,
			);
			path = ViewControllers;
			sourceTree = "<group>";
		};
		04A6D5B32CB14562005C1F3E /* CastomElements */ = {
			isa = PBXGroup;
			children = (
				04A6D5B02CB12ACD005C1F3E /* CastomImageView.swift */,
				04A6D5AC2CB10D0B005C1F3E /* ShadowView.swift */,
				04A6D5AA2CAF65ED005C1F3E /* ShadowBottun.swift */,
				04A6D5AE2CB12516005C1F3E /* CastomLable.swift */,
				04A6D5B72CB56E5F005C1F3E /* CastonStackView.swift */,
				04A58A042CC9307B00D091F8 /* CastomTextField.swift */,
			);
			path = CastomElements;
			sourceTree = "<group>";
		};
		04A6D5B42CB14582005C1F3E /* Models */ = {
			isa = PBXGroup;
			children = (
				04A6D5A42CAEE0FD005C1F3E /* CharactersModel.swift */,
			);
			path = Models;
			sourceTree = "<group>";
		};
		04A6D5B52CB1458A005C1F3E /* Resoursec */ = {
			isa = PBXGroup;
			children = (
				043A18FA2CAED34E0079560B /* Assets.xcassets */,
				043A18FC2CAED34E0079560B /* LaunchScreen.storyboard */,
			);
			path = Resoursec;
			sourceTree = "<group>";
		};
		04A6D5B62CB145C4005C1F3E /* Services */ = {
			isa = PBXGroup;
			children = (
				04A6D5A62CAEE523005C1F3E /* CharactersManager.swift */,
				04A6D5A82CAEE6B1005C1F3E /* CharactersDataManager.swift */,
				0470CBE02CD26EEA00BD7971 /* TextManager.swift */,
			);
			path = Services;
			sourceTree = "<group>";
		};
		04A6D5BD2CB574C8005C1F3E /* Extensions */ = {
			isa = PBXGroup;
			children = (
				04A6D5BB2CB57479005C1F3E /* StackView+Extension.swift */,
				04A6D5B92CB57353005C1F3E /* View+Extension.swift */,
			);
			path = Extensions;
			sourceTree = "<group>";
		};
/* End PBXGroup section */

/* Begin PBXNativeTarget section */
		043A18ED2CAED34C0079560B /* ExaminationApp */ = {
			isa = PBXNativeTarget;
			buildConfigurationList = 043A19022CAED34E0079560B /* Build configuration list for PBXNativeTarget "ExaminationApp" */;
			buildPhases = (
				043A18EA2CAED34C0079560B /* Sources */,
				043A18EB2CAED34C0079560B /* Frameworks */,
				043A18EC2CAED34C0079560B /* Resources */,
			);
			buildRules = (
			);
			dependencies = (
			);
			name = ExaminationApp;
			productName = ExaminationApp;
			productReference = 043A18EE2CAED34C0079560B /* ExaminationApp.app */;
			productType = "com.apple.product-type.application";
		};
/* End PBXNativeTarget section */

/* Begin PBXProject section */
		043A18E62CAED34C0079560B /* Project object */ = {
			isa = PBXProject;
			attributes = {
				BuildIndependentTargetsInParallel = 1;
				LastSwiftUpdateCheck = 1430;
				LastUpgradeCheck = 1430;
				TargetAttributes = {
					043A18ED2CAED34C0079560B = {
						CreatedOnToolsVersion = 14.3.1;
					};
				};
			};
			buildConfigurationList = 043A18E92CAED34C0079560B /* Build configuration list for PBXProject "ExaminationApp" */;
			compatibilityVersion = "Xcode 14.0";
			developmentRegion = en;
			hasScannedForEncodings = 0;
			knownRegions = (
				en,
				Base,
			);
			mainGroup = 043A18E52CAED34C0079560B;
			productRefGroup = 043A18EF2CAED34C0079560B /* Products */;
			projectDirPath = "";
			projectRoot = "";
			targets = (
				043A18ED2CAED34C0079560B /* ExaminationApp */,
			);
		};
/* End PBXProject section */

/* Begin PBXResourcesBuildPhase section */
		043A18EC2CAED34C0079560B /* Resources */ = {
			isa = PBXResourcesBuildPhase;
			buildActionMask = 2147483647;
			files = (
				043A18FE2CAED34E0079560B /* LaunchScreen.storyboard in Resources */,
				043A18FB2CAED34E0079560B /* Assets.xcassets in Resources */,
			);
			runOnlyForDeploymentPostprocessing = 0;
		};
/* End PBXResourcesBuildPhase section */

/* Begin PBXSourcesBuildPhase section */
		043A18EA2CAED34C0079560B /* Sources */ = {
			isa = PBXSourcesBuildPhase;
			buildActionMask = 2147483647;
			files = (
				04A6D5B82CB56E60005C1F3E /* CastonStackView.swift in Sources */,
				04A58A032CC92C9D00D091F8 /* FindImageViewController.swift in Sources */,
				043A18F62CAED34C0079560B /* ViewController.swift in Sources */,
				043A18F22CAED34C0079560B /* AppDelegate.swift in Sources */,
				04A6D5AB2CAF65ED005C1F3E /* ShadowBottun.swift in Sources */,
				04A6D5A72CAEE523005C1F3E /* CharactersManager.swift in Sources */,
				04A6D5AD2CB10D0B005C1F3E /* ShadowView.swift in Sources */,
				04A6D5AF2CB12516005C1F3E /* CastomLable.swift in Sources */,
				0470CBE12CD26EEA00BD7971 /* TextManager.swift in Sources */,
				04A58A072CCDDB1800D091F8 /* PanImageViewController.swift in Sources */,
				04A6D5B12CB12ACD005C1F3E /* CastomImageView.swift in Sources */,
				04A58A052CC9307B00D091F8 /* CastomTextField.swift in Sources */,
				04A6D5A92CAEE6B1005C1F3E /* CharactersDataManager.swift in Sources */,
				0470CBDF2CD2685500BD7971 /* LicenseAgreementViewController.swift in Sources */,
				043A18F42CAED34C0079560B /* SceneDelegate.swift in Sources */,
				04A6D5BA2CB57353005C1F3E /* View+Extension.swift in Sources */,
				04A6D5BC2CB57479005C1F3E /* StackView+Extension.swift in Sources */,
				04A6D5A52CAEE0FD005C1F3E /* CharactersModel.swift in Sources */,
			);
			runOnlyForDeploymentPostprocessing = 0;
		};
/* End PBXSourcesBuildPhase section */

/* Begin PBXVariantGroup section */
		043A18FC2CAED34E0079560B /* LaunchScreen.storyboard */ = {
			isa = PBXVariantGroup;
			children = (
				043A18FD2CAED34E0079560B /* Base */,
			);
			name = LaunchScreen.storyboard;
			sourceTree = "<group>";
		};
/* End PBXVariantGroup section */

/* Begin XCBuildConfiguration section */
		043A19002CAED34E0079560B /* Debug */ = {
			isa = XCBuildConfiguration;
			buildSettings = {
				ALWAYS_SEARCH_USER_PATHS = NO;
				CLANG_ANALYZER_NONNULL = YES;
				CLANG_ANALYZER_NUMBER_OBJECT_CONVERSION = YES_AGGRESSIVE;
				CLANG_CXX_LANGUAGE_STANDARD = "gnu++20";
				CLANG_ENABLE_MODULES = YES;
				CLANG_ENABLE_OBJC_ARC = YES;
				CLANG_ENABLE_OBJC_WEAK = YES;
				CLANG_WARN_BLOCK_CAPTURE_AUTORELEASING = YES;
				CLANG_WARN_BOOL_CONVERSION = YES;
				CLANG_WARN_COMMA = YES;
				CLANG_WARN_CONSTANT_CONVERSION = YES;
				CLANG_WARN_DEPRECATED_OBJC_IMPLEMENTATIONS = YES;
				CLANG_WARN_DIRECT_OBJC_ISA_USAGE = YES_ERROR;
				CLANG_WARN_DOCUMENTATION_COMMENTS = YES;
				CLANG_WARN_EMPTY_BODY = YES;
				CLANG_WARN_ENUM_CONVERSION = YES;
				CLANG_WARN_INFINITE_RECURSION = YES;
				CLANG_WARN_INT_CONVERSION = YES;
				CLANG_WARN_NON_LITERAL_NULL_CONVERSION = YES;
				CLANG_WARN_OBJC_IMPLICIT_RETAIN_SELF = YES;
				CLANG_WARN_OBJC_LITERAL_CONVERSION = YES;
				CLANG_WARN_OBJC_ROOT_CLASS = YES_ERROR;
				CLANG_WARN_QUOTED_INCLUDE_IN_FRAMEWORK_HEADER = YES;
				CLANG_WARN_RANGE_LOOP_ANALYSIS = YES;
				CLANG_WARN_STRICT_PROTOTYPES = YES;
				CLANG_WARN_SUSPICIOUS_MOVE = YES;
				CLANG_WARN_UNGUARDED_AVAILABILITY = YES_AGGRESSIVE;
				CLANG_WARN_UNREACHABLE_CODE = YES;
				CLANG_WARN__DUPLICATE_METHOD_MATCH = YES;
				COPY_PHASE_STRIP = NO;
				DEBUG_INFORMATION_FORMAT = dwarf;
				ENABLE_STRICT_OBJC_MSGSEND = YES;
				ENABLE_TESTABILITY = YES;
				GCC_C_LANGUAGE_STANDARD = gnu11;
				GCC_DYNAMIC_NO_PIC = NO;
				GCC_NO_COMMON_BLOCKS = YES;
				GCC_OPTIMIZATION_LEVEL = 0;
				GCC_PREPROCESSOR_DEFINITIONS = (
					"DEBUG=1",
					"$(inherited)",
				);
				GCC_WARN_64_TO_32_BIT_CONVERSION = YES;
				GCC_WARN_ABOUT_RETURN_TYPE = YES_ERROR;
				GCC_WARN_UNDECLARED_SELECTOR = YES;
				GCC_WARN_UNINITIALIZED_AUTOS = YES_AGGRESSIVE;
				GCC_WARN_UNUSED_FUNCTION = YES;
				GCC_WARN_UNUSED_VARIABLE = YES;
				IPHONEOS_DEPLOYMENT_TARGET = 16.4;
				MTL_ENABLE_DEBUG_INFO = INCLUDE_SOURCE;
				MTL_FAST_MATH = YES;
				ONLY_ACTIVE_ARCH = YES;
				SDKROOT = iphoneos;
				SWIFT_ACTIVE_COMPILATION_CONDITIONS = DEBUG;
				SWIFT_OPTIMIZATION_LEVEL = "-Onone";
			};
			name = Debug;
		};
		043A19012CAED34E0079560B /* Release */ = {
			isa = XCBuildConfiguration;
			buildSettings = {
				ALWAYS_SEARCH_USER_PATHS = NO;
				CLANG_ANALYZER_NONNULL = YES;
				CLANG_ANALYZER_NUMBER_OBJECT_CONVERSION = YES_AGGRESSIVE;
				CLANG_CXX_LANGUAGE_STANDARD = "gnu++20";
				CLANG_ENABLE_MODULES = YES;
				CLANG_ENABLE_OBJC_ARC = YES;
				CLANG_ENABLE_OBJC_WEAK = YES;
				CLANG_WARN_BLOCK_CAPTURE_AUTORELEASING = YES;
				CLANG_WARN_BOOL_CONVERSION = YES;
				CLANG_WARN_COMMA = YES;
				CLANG_WARN_CONSTANT_CONVERSION = YES;
				CLANG_WARN_DEPRECATED_OBJC_IMPLEMENTATIONS = YES;
				CLANG_WARN_DIRECT_OBJC_ISA_USAGE = YES_ERROR;
				CLANG_WARN_DOCUMENTATION_COMMENTS = YES;
				CLANG_WARN_EMPTY_BODY = YES;
				CLANG_WARN_ENUM_CONVERSION = YES;
				CLANG_WARN_INFINITE_RECURSION = YES;
				CLANG_WARN_INT_CONVERSION = YES;
				CLANG_WARN_NON_LITERAL_NULL_CONVERSION = YES;
				CLANG_WARN_OBJC_IMPLICIT_RETAIN_SELF = YES;
				CLANG_WARN_OBJC_LITERAL_CONVERSION = YES;
				CLANG_WARN_OBJC_ROOT_CLASS = YES_ERROR;
				CLANG_WARN_QUOTED_INCLUDE_IN_FRAMEWORK_HEADER = YES;
				CLANG_WARN_RANGE_LOOP_ANALYSIS = YES;
				CLANG_WARN_STRICT_PROTOTYPES = YES;
				CLANG_WARN_SUSPICIOUS_MOVE = YES;
				CLANG_WARN_UNGUARDED_AVAILABILITY = YES_AGGRESSIVE;
				CLANG_WARN_UNREACHABLE_CODE = YES;
				CLANG_WARN__DUPLICATE_METHOD_MATCH = YES;
				COPY_PHASE_STRIP = NO;
				DEBUG_INFORMATION_FORMAT = "dwarf-with-dsym";
				ENABLE_NS_ASSERTIONS = NO;
				ENABLE_STRICT_OBJC_MSGSEND = YES;
				GCC_C_LANGUAGE_STANDARD = gnu11;
				GCC_NO_COMMON_BLOCKS = YES;
				GCC_WARN_64_TO_32_BIT_CONVERSION = YES;
				GCC_WARN_ABOUT_RETURN_TYPE = YES_ERROR;
				GCC_WARN_UNDECLARED_SELECTOR = YES;
				GCC_WARN_UNINITIALIZED_AUTOS = YES_AGGRESSIVE;
				GCC_WARN_UNUSED_FUNCTION = YES;
				GCC_WARN_UNUSED_VARIABLE = YES;
				IPHONEOS_DEPLOYMENT_TARGET = 16.4;
				MTL_ENABLE_DEBUG_INFO = NO;
				MTL_FAST_MATH = YES;
				SDKROOT = iphoneos;
				SWIFT_COMPILATION_MODE = wholemodule;
				SWIFT_OPTIMIZATION_LEVEL = "-O";
				VALIDATE_PRODUCT = YES;
			};
			name = Release;
		};
		043A19032CAED34E0079560B /* Debug */ = {
			isa = XCBuildConfiguration;
			buildSettings = {
				ASSETCATALOG_COMPILER_APPICON_NAME = AppIcon;
				ASSETCATALOG_COMPILER_GLOBAL_ACCENT_COLOR_NAME = AccentColor;
				CODE_SIGN_STYLE = Automatic;
				CURRENT_PROJECT_VERSION = 1;
				GENERATE_INFOPLIST_FILE = YES;
				INFOPLIST_FILE = ExaminationApp/Info.plist;
				INFOPLIST_KEY_UIApplicationSupportsIndirectInputEvents = YES;
				INFOPLIST_KEY_UILaunchStoryboardName = LaunchScreen;
				INFOPLIST_KEY_UISupportedInterfaceOrientations_iPad = "UIInterfaceOrientationPortrait UIInterfaceOrientationPortraitUpsideDown UIInterfaceOrientationLandscapeLeft UIInterfaceOrientationLandscapeRight";
				INFOPLIST_KEY_UISupportedInterfaceOrientations_iPhone = "UIInterfaceOrientationPortrait UIInterfaceOrientationLandscapeLeft UIInterfaceOrientationLandscapeRight";
				LD_RUNPATH_SEARCH_PATHS = (
					"$(inherited)",
					"@executable_path/Frameworks",
				);
				MARKETING_VERSION = 1.0;
				PRODUCT_BUNDLE_IDENTIFIER = "just-boogeyman.ExaminationApp";
				PRODUCT_NAME = "$(TARGET_NAME)";
				SWIFT_EMIT_LOC_STRINGS = YES;
				SWIFT_VERSION = 5.0;
				TARGETED_DEVICE_FAMILY = "1,2";
			};
			name = Debug;
		};
		043A19042CAED34E0079560B /* Release */ = {
			isa = XCBuildConfiguration;
			buildSettings = {
				ASSETCATALOG_COMPILER_APPICON_NAME = AppIcon;
				ASSETCATALOG_COMPILER_GLOBAL_ACCENT_COLOR_NAME = AccentColor;
				CODE_SIGN_STYLE = Automatic;
				CURRENT_PROJECT_VERSION = 1;
				GENERATE_INFOPLIST_FILE = YES;
				INFOPLIST_FILE = ExaminationApp/Info.plist;
				INFOPLIST_KEY_UIApplicationSupportsIndirectInputEvents = YES;
				INFOPLIST_KEY_UILaunchStoryboardName = LaunchScreen;
				INFOPLIST_KEY_UISupportedInterfaceOrientations_iPad = "UIInterfaceOrientationPortrait UIInterfaceOrientationPortraitUpsideDown UIInterfaceOrientationLandscapeLeft UIInterfaceOrientationLandscapeRight";
				INFOPLIST_KEY_UISupportedInterfaceOrientations_iPhone = "UIInterfaceOrientationPortrait UIInterfaceOrientationLandscapeLeft UIInterfaceOrientationLandscapeRight";
				LD_RUNPATH_SEARCH_PATHS = (
					"$(inherited)",
					"@executable_path/Frameworks",
				);
				MARKETING_VERSION = 1.0;
				PRODUCT_BUNDLE_IDENTIFIER = "just-boogeyman.ExaminationApp";
				PRODUCT_NAME = "$(TARGET_NAME)";
				SWIFT_EMIT_LOC_STRINGS = YES;
				SWIFT_VERSION = 5.0;
				TARGETED_DEVICE_FAMILY = "1,2";
			};
			name = Release;
		};
/* End XCBuildConfiguration section */

/* Begin XCConfigurationList section */
		043A18E92CAED34C0079560B /* Build configuration list for PBXProject "ExaminationApp" */ = {
			isa = XCConfigurationList;
			buildConfigurations = (
				043A19002CAED34E0079560B /* Debug */,
				043A19012CAED34E0079560B /* Release */,
			);
			defaultConfigurationIsVisible = 0;
			defaultConfigurationName = Release;
		};
		043A19022CAED34E0079560B /* Build configuration list for PBXNativeTarget "ExaminationApp" */ = {
			isa = XCConfigurationList;
			buildConfigurations = (
				043A19032CAED34E0079560B /* Debug */,
				043A19042CAED34E0079560B /* Release */,
			);
			defaultConfigurationIsVisible = 0;
			defaultConfigurationName = Release;
		};
/* End XCConfigurationList section */
	};
	rootObject = 043A18E62CAED34C0079560B /* Project object */;
}
